
Microsoft Visual Studio Solution File, Format Version 12.00
# Visual Studio Version 17
VisualStudioVersion = 17.9.34723.18
MinimumVisualStudioVersion = 10.0.40219.1
Project("{9A19103F-16F7-4668-BE54-9A1E7A4F7556}") = "Lab_2_Tests", "Lab_2_Tests.csproj", "{0A304066-3FB7-40B3-AB12-D6FD68F691CB}"
EndProject
Project("{9A19103F-16F7-4668-BE54-9A1E7A4F7556}") = "GatewayService", "..\GatewayService\GatewayService.csproj", "{59290778-9355-4099-BBD5-1EAE4F688FCB}"
EndProject
Global
	GlobalSection(SolutionConfigurationPlatforms) = preSolution
		Debug|Any CPU = Debug|Any CPU
		Release|Any CPU = Release|Any CPU
	EndGlobalSection
	GlobalSection(ProjectConfigurationPlatforms) = postSolution
		{0A304066-3FB7-40B3-AB12-D6FD68F691CB}.Debug|Any CPU.ActiveCfg = Debug|Any CPU
		{0A304066-3FB7-40B3-AB12-D6FD68F691CB}.Debug|Any CPU.Build.0 = Debug|Any CPU
		{0A304066-3FB7-40B3-AB12-D6FD68F691CB}.Release|Any CPU.ActiveCfg = Release|Any CPU
		{0A304066-3FB7-40B3-AB12-D6FD68F691CB}.Release|Any CPU.Build.0 = Release|Any CPU
		{59290778-9355-4099-BBD5-1EAE4F688FCB}.Debug|Any CPU.ActiveCfg = Debug|Any CPU
		{59290778-9355-4099-BBD5-1EAE4F688FCB}.Debug|Any CPU.Build.0 = Debug|Any CPU
		{59290778-9355-4099-BBD5-1EAE4F688FCB}.Release|Any CPU.ActiveCfg = Release|Any CPU
		{59290778-9355-4099-BBD5-1EAE4F688FCB}.Release|Any CPU.Build.0 = Release|Any CPU
	EndGlobalSection
	GlobalSection(SolutionProperties) = preSolution
		HideSolutionNode = FALSE
	EndGlobalSection
	GlobalSection(ExtensibilityGlobals) = postSolution
		SolutionGuid = {761684C8-6410-4FB6-B742-294221FA9496}
	EndGlobalSection
EndGlobal
